
Microsoft Visual Studio Solution File, Format Version 12.00
# Visual Studio 15
VisualStudioVersion = 15.0.28307.1082
MinimumVisualStudioVersion = 10.0.40219.1
Project("{FAE04EC0-301F-11D3-BF4B-00C04F79EFBC}") = "WpfApp2", "WpfApp2\WpfApp2.csproj", "{BB7AA731-1F7F-471B-A1B0-4264C617B335}"
EndProject
Project("{2150E333-8FDC-42A3-9474-1A3956D46DE8}") = "Solution Items", "Solution Items", "{583C7F8E-2691-45FB-86C1-4C80669E7A93}"
	ProjectSection(SolutionItems) = preProject
		Class1.cs = Class1.cs
	EndProjectSection
EndProject
Global
	GlobalSection(SolutionConfigurationPlatforms) = preSolution
		Debug|Any CPU = Debug|Any CPU
		Release|Any CPU = Release|Any CPU
	EndGlobalSection
	GlobalSection(ProjectConfigurationPlatforms) = postSolution
		{BB7AA731-1F7F-471B-A1B0-4264C617B335}.Debug|Any CPU.ActiveCfg = Debug|Any CPU
		{BB7AA731-1F7F-471B-A1B0-4264C617B335}.Debug|Any CPU.Build.0 = Debug|Any CPU
		{BB7AA731-1F7F-471B-A1B0-4264C617B335}.Release|Any CPU.ActiveCfg = Release|Any CPU
		{BB7AA731-1F7F-471B-A1B0-4264C617B335}.Release|Any CPU.Build.0 = Release|Any CPU
	EndGlobalSection
	GlobalSection(SolutionProperties) = preSolution
		HideSolutionNode = FALSE
	EndGlobalSection
	GlobalSection(ExtensibilityGlobals) = postSolution
		SolutionGuid = {D87193CB-668D-44D0-A34B-F4B6289672B3}
	EndGlobalSection
EndGlobal
